
Microsoft Visual Studio Solution File, Format Version 12.00
# Visual Studio 2012
Project("{FAE04EC0-301F-11D3-BF4B-00C04F79EFBC}") = "DAL", "DAL\DAL.csproj", "{4226CB43-C074-47EF-8BD8-A136B098BF3F}"
EndProject
Project("{FAE04EC0-301F-11D3-BF4B-00C04F79EFBC}") = "Design.Web.Admin", "Design.Web.Admin\Design.Web.Admin.csproj", "{34C8448F-2E4E-42AA-A1CF-241F5B20BEC6}"
EndProject
Project("{FAE04EC0-301F-11D3-BF4B-00C04F79EFBC}") = "Design.Web.Front", "Design.Web.Front\Design.Web.Front.csproj", "{A9333E21-6E50-43FE-AC14-C6DD45B1B3D4}"
EndProject
Project("{FAE04EC0-301F-11D3-BF4B-00C04F79EFBC}") = "Library.ObjParser", "Library.ObjParser\Library.ObjParser.csproj", "{3105453E-3A4F-447D-9DE0-798C28C68E65}"
EndProject
Project("{FAE04EC0-301F-11D3-BF4B-00C04F79EFBC}") = "Library.StlParser", "Library.StlParser\Library.StlParser.csproj", "{F7EDD416-199A-4928-844F-2CD3237B7852}"
EndProject
Project("{FAE04EC0-301F-11D3-BF4B-00C04F79EFBC}") = "Net.Common", "Net.Common\Net.Common.csproj", "{65C05F9A-EE28-4908-A18D-48A5BF36829D}"
EndProject
Project("{FAE04EC0-301F-11D3-BF4B-00C04F79EFBC}") = "Net.Framwork", "Net.Framwork\Net.Framwork.csproj", "{B5DBD124-8C5A-4B94-97D7-014BD7C97549}"
EndProject
Project("{2150E333-8FDC-42A3-9474-1A3956D46DE8}") = "WebUI", "WebUI", "{141E0763-DE33-40C6-A331-A09F50A11C0C}"
EndProject
Project("{FAE04EC0-301F-11D3-BF4B-00C04F79EFBC}") = "Makers.Store", "WebUI\Makers.Store\Makers.Store.csproj", "{AAE83324-8419-405A-913F-1C05B633EDDC}"
EndProject
Project("{FAE04EC0-301F-11D3-BF4B-00C04F79EFBC}") = "Makers.Admin", "WebUI\Makers.Admin\Makers.Admin.csproj", "{5BB5F439-00C9-4D8B-84AD-24779F6DF163}"
EndProject
Global
	GlobalSection(SolutionConfigurationPlatforms) = preSolution
		Debug|Any CPU = Debug|Any CPU
		Debug|Mixed Platforms = Debug|Mixed Platforms
		Debug|x64 = Debug|x64
		Debug|x86 = Debug|x86
		MacOSX|Any CPU = MacOSX|Any CPU
		MacOSX|Mixed Platforms = MacOSX|Mixed Platforms
		MacOSX|x64 = MacOSX|x64
		MacOSX|x86 = MacOSX|x86
		Release|Any CPU = Release|Any CPU
		Release|Mixed Platforms = Release|Mixed Platforms
		Release|x64 = Release|x64
		Release|x86 = Release|x86
	EndGlobalSection
	GlobalSection(ProjectConfigurationPlatforms) = postSolution
		{4226CB43-C074-47EF-8BD8-A136B098BF3F}.Debug|Any CPU.ActiveCfg = Debug|Any CPU
		{4226CB43-C074-47EF-8BD8-A136B098BF3F}.Debug|Any CPU.Build.0 = Debug|Any CPU
		{4226CB43-C074-47EF-8BD8-A136B098BF3F}.Debug|Mixed Platforms.ActiveCfg = Debug|Any CPU
		{4226CB43-C074-47EF-8BD8-A136B098BF3F}.Debug|Mixed Platforms.Build.0 = Debug|Any CPU
		{4226CB43-C074-47EF-8BD8-A136B098BF3F}.Debug|x64.ActiveCfg = Debug|Any CPU
		{4226CB43-C074-47EF-8BD8-A136B098BF3F}.Debug|x86.ActiveCfg = Debug|Any CPU
		{4226CB43-C074-47EF-8BD8-A136B098BF3F}.MacOSX|Any CPU.ActiveCfg = Release|Any CPU
		{4226CB43-C074-47EF-8BD8-A136B098BF3F}.MacOSX|Any CPU.Build.0 = Release|Any CPU
		{4226CB43-C074-47EF-8BD8-A136B098BF3F}.MacOSX|Mixed Platforms.ActiveCfg = Release|Any CPU
		{4226CB43-C074-47EF-8BD8-A136B098BF3F}.MacOSX|Mixed Platforms.Build.0 = Release|Any CPU
		{4226CB43-C074-47EF-8BD8-A136B098BF3F}.MacOSX|x64.ActiveCfg = Release|Any CPU
		{4226CB43-C074-47EF-8BD8-A136B098BF3F}.MacOSX|x86.ActiveCfg = Release|Any CPU
		{4226CB43-C074-47EF-8BD8-A136B098BF3F}.Release|Any CPU.ActiveCfg = Release|Any CPU
		{4226CB43-C074-47EF-8BD8-A136B098BF3F}.Release|Any CPU.Build.0 = Release|Any CPU
		{4226CB43-C074-47EF-8BD8-A136B098BF3F}.Release|Mixed Platforms.ActiveCfg = Release|Any CPU
		{4226CB43-C074-47EF-8BD8-A136B098BF3F}.Release|Mixed Platforms.Build.0 = Release|Any CPU
		{4226CB43-C074-47EF-8BD8-A136B098BF3F}.Release|x64.ActiveCfg = Release|Any CPU
		{4226CB43-C074-47EF-8BD8-A136B098BF3F}.Release|x86.ActiveCfg = Release|Any CPU
		{34C8448F-2E4E-42AA-A1CF-241F5B20BEC6}.Debug|Any CPU.ActiveCfg = Debug|Any CPU
		{34C8448F-2E4E-42AA-A1CF-241F5B20BEC6}.Debug|Any CPU.Build.0 = Debug|Any CPU
		{34C8448F-2E4E-42AA-A1CF-241F5B20BEC6}.Debug|Mixed Platforms.ActiveCfg = Debug|Any CPU
		{34C8448F-2E4E-42AA-A1CF-241F5B20BEC6}.Debug|Mixed Platforms.Build.0 = Debug|Any CPU
		{34C8448F-2E4E-42AA-A1CF-241F5B20BEC6}.Debug|x64.ActiveCfg = Debug|Any CPU
		{34C8448F-2E4E-42AA-A1CF-241F5B20BEC6}.Debug|x86.ActiveCfg = Debug|Any CPU
		{34C8448F-2E4E-42AA-A1CF-241F5B20BEC6}.MacOSX|Any CPU.ActiveCfg = Release|Any CPU
		{34C8448F-2E4E-42AA-A1CF-241F5B20BEC6}.MacOSX|Any CPU.Build.0 = Release|Any CPU
		{34C8448F-2E4E-42AA-A1CF-241F5B20BEC6}.MacOSX|Mixed Platforms.ActiveCfg = Release|Any CPU
		{34C8448F-2E4E-42AA-A1CF-241F5B20BEC6}.MacOSX|Mixed Platforms.Build.0 = Release|Any CPU
		{34C8448F-2E4E-42AA-A1CF-241F5B20BEC6}.MacOSX|x64.ActiveCfg = Release|Any CPU
		{34C8448F-2E4E-42AA-A1CF-241F5B20BEC6}.MacOSX|x86.ActiveCfg = Release|Any CPU
		{34C8448F-2E4E-42AA-A1CF-241F5B20BEC6}.Release|Any CPU.ActiveCfg = Release|Any CPU
		{34C8448F-2E4E-42AA-A1CF-241F5B20BEC6}.Release|Any CPU.Build.0 = Release|Any CPU
		{34C8448F-2E4E-42AA-A1CF-241F5B20BEC6}.Release|Mixed Platforms.ActiveCfg = Release|Any CPU
		{34C8448F-2E4E-42AA-A1CF-241F5B20BEC6}.Release|x64.ActiveCfg = Release|Any CPU
		{34C8448F-2E4E-42AA-A1CF-241F5B20BEC6}.Release|x86.ActiveCfg = Release|Any CPU
		{A9333E21-6E50-43FE-AC14-C6DD45B1B3D4}.Debug|Any CPU.ActiveCfg = Debug|Any CPU
		{A9333E21-6E50-43FE-AC14-C6DD45B1B3D4}.Debug|Any CPU.Build.0 = Debug|Any CPU
		{A9333E21-6E50-43FE-AC14-C6DD45B1B3D4}.Debug|Mixed Platforms.ActiveCfg = Debug|Any CPU
		{A9333E21-6E50-43FE-AC14-C6DD45B1B3D4}.Debug|Mixed Platforms.Build.0 = Debug|Any CPU
		{A9333E21-6E50-43FE-AC14-C6DD45B1B3D4}.Debug|x64.ActiveCfg = Debug|Any CPU
		{A9333E21-6E50-43FE-AC14-C6DD45B1B3D4}.Debug|x86.ActiveCfg = Debug|Any CPU
		{A9333E21-6E50-43FE-AC14-C6DD45B1B3D4}.MacOSX|Any CPU.ActiveCfg = Release|Any CPU
		{A9333E21-6E50-43FE-AC14-C6DD45B1B3D4}.MacOSX|Any CPU.Build.0 = Release|Any CPU
		{A9333E21-6E50-43FE-AC14-C6DD45B1B3D4}.MacOSX|Mixed Platforms.ActiveCfg = Release|Any CPU
		{A9333E21-6E50-43FE-AC14-C6DD45B1B3D4}.MacOSX|Mixed Platforms.Build.0 = Release|Any CPU
		{A9333E21-6E50-43FE-AC14-C6DD45B1B3D4}.MacOSX|x64.ActiveCfg = Release|Any CPU
		{A9333E21-6E50-43FE-AC14-C6DD45B1B3D4}.MacOSX|x86.ActiveCfg = Release|Any CPU
		{A9333E21-6E50-43FE-AC14-C6DD45B1B3D4}.Release|Any CPU.ActiveCfg = Release|Any CPU
		{A9333E21-6E50-43FE-AC14-C6DD45B1B3D4}.Release|Any CPU.Build.0 = Release|Any CPU
		{A9333E21-6E50-43FE-AC14-C6DD45B1B3D4}.Release|Mixed Platforms.ActiveCfg = Release|Any CPU
		{A9333E21-6E50-43FE-AC14-C6DD45B1B3D4}.Release|Mixed Platforms.Build.0 = Release|Any CPU
		{A9333E21-6E50-43FE-AC14-C6DD45B1B3D4}.Release|x64.ActiveCfg = Release|Any CPU
		{A9333E21-6E50-43FE-AC14-C6DD45B1B3D4}.Release|x86.ActiveCfg = Release|Any CPU
		{3105453E-3A4F-447D-9DE0-798C28C68E65}.Debug|Any CPU.ActiveCfg = Debug|Any CPU
		{3105453E-3A4F-447D-9DE0-798C28C68E65}.Debug|Any CPU.Build.0 = Debug|Any CPU
		{3105453E-3A4F-447D-9DE0-798C28C68E65}.Debug|Mixed Platforms.ActiveCfg = Debug|Any CPU
		{3105453E-3A4F-447D-9DE0-798C28C68E65}.Debug|Mixed Platforms.Build.0 = Debug|Any CPU
		{3105453E-3A4F-447D-9DE0-798C28C68E65}.Debug|x64.ActiveCfg = Debug|Any CPU
		{3105453E-3A4F-447D-9DE0-798C28C68E65}.Debug|x86.ActiveCfg = Debug|Any CPU
		{3105453E-3A4F-447D-9DE0-798C28C68E65}.MacOSX|Any CPU.ActiveCfg = Release|Any CPU
		{3105453E-3A4F-447D-9DE0-798C28C68E65}.MacOSX|Any CPU.Build.0 = Release|Any CPU
		{3105453E-3A4F-447D-9DE0-798C28C68E65}.MacOSX|Mixed Platforms.ActiveCfg = Release|Any CPU
		{3105453E-3A4F-447D-9DE0-798C28C68E65}.MacOSX|Mixed Platforms.Build.0 = Release|Any CPU
		{3105453E-3A4F-447D-9DE0-798C28C68E65}.MacOSX|x64.ActiveCfg = Release|Any CPU
		{3105453E-3A4F-447D-9DE0-798C28C68E65}.MacOSX|x86.ActiveCfg = Release|Any CPU
		{3105453E-3A4F-447D-9DE0-798C28C68E65}.Release|Any CPU.ActiveCfg = Release|Any CPU
		{3105453E-3A4F-447D-9DE0-798C28C68E65}.Release|Any CPU.Build.0 = Release|Any CPU
		{3105453E-3A4F-447D-9DE0-798C28C68E65}.Release|Mixed Platforms.ActiveCfg = Release|Any CPU
		{3105453E-3A4F-447D-9DE0-798C28C68E65}.Release|Mixed Platforms.Build.0 = Release|Any CPU
		{3105453E-3A4F-447D-9DE0-798C28C68E65}.Release|x64.ActiveCfg = Release|Any CPU
		{3105453E-3A4F-447D-9DE0-798C28C68E65}.Release|x86.ActiveCfg = Release|Any CPU
		{F7EDD416-199A-4928-844F-2CD3237B7852}.Debug|Any CPU.ActiveCfg = Debug|Any CPU
		{F7EDD416-199A-4928-844F-2CD3237B7852}.Debug|Any CPU.Build.0 = Debug|Any CPU
		{F7EDD416-199A-4928-844F-2CD3237B7852}.Debug|Mixed Platforms.ActiveCfg = Debug|Any CPU
		{F7EDD416-199A-4928-844F-2CD3237B7852}.Debug|Mixed Platforms.Build.0 = Debug|Any CPU
		{F7EDD416-199A-4928-844F-2CD3237B7852}.Debug|x64.ActiveCfg = Debug|Any CPU
		{F7EDD416-199A-4928-844F-2CD3237B7852}.Debug|x86.ActiveCfg = Debug|Any CPU
		{F7EDD416-199A-4928-844F-2CD3237B7852}.MacOSX|Any CPU.ActiveCfg = Release|Any CPU
		{F7EDD416-199A-4928-844F-2CD3237B7852}.MacOSX|Any CPU.Build.0 = Release|Any CPU
		{F7EDD416-199A-4928-844F-2CD3237B7852}.MacOSX|Mixed Platforms.ActiveCfg = Release|Any CPU
		{F7EDD416-199A-4928-844F-2CD3237B7852}.MacOSX|Mixed Platforms.Build.0 = Release|Any CPU
		{F7EDD416-199A-4928-844F-2CD3237B7852}.MacOSX|x64.ActiveCfg = Release|Any CPU
		{F7EDD416-199A-4928-844F-2CD3237B7852}.MacOSX|x86.ActiveCfg = Release|Any CPU
		{F7EDD416-199A-4928-844F-2CD3237B7852}.Release|Any CPU.ActiveCfg = Release|Any CPU
		{F7EDD416-199A-4928-844F-2CD3237B7852}.Release|Any CPU.Build.0 = Release|Any CPU
		{F7EDD416-199A-4928-844F-2CD3237B7852}.Release|Mixed Platforms.ActiveCfg = Release|Any CPU
		{F7EDD416-199A-4928-844F-2CD3237B7852}.Release|Mixed Platforms.Build.0 = Release|Any CPU
		{F7EDD416-199A-4928-844F-2CD3237B7852}.Release|x64.ActiveCfg = Release|Any CPU
		{F7EDD416-199A-4928-844F-2CD3237B7852}.Release|x86.ActiveCfg = Release|Any CPU
		{65C05F9A-EE28-4908-A18D-48A5BF36829D}.Debug|Any CPU.ActiveCfg = Debug|Any CPU
		{65C05F9A-EE28-4908-A18D-48A5BF36829D}.Debug|Any CPU.Build.0 = Debug|Any CPU
		{65C05F9A-EE28-4908-A18D-48A5BF36829D}.Debug|Mixed Platforms.ActiveCfg = Debug|Any CPU
		{65C05F9A-EE28-4908-A18D-48A5BF36829D}.Debug|Mixed Platforms.Build.0 = Debug|Any CPU
		{65C05F9A-EE28-4908-A18D-48A5BF36829D}.Debug|x64.ActiveCfg = Debug|Any CPU
		{65C05F9A-EE28-4908-A18D-48A5BF36829D}.Debug|x86.ActiveCfg = Debug|Any CPU
		{65C05F9A-EE28-4908-A18D-48A5BF36829D}.MacOSX|Any CPU.ActiveCfg = Release|Any CPU
		{65C05F9A-EE28-4908-A18D-48A5BF36829D}.MacOSX|Any CPU.Build.0 = Release|Any CPU
		{65C05F9A-EE28-4908-A18D-48A5BF36829D}.MacOSX|Mixed Platforms.ActiveCfg = Release|Any CPU
		{65C05F9A-EE28-4908-A18D-48A5BF36829D}.MacOSX|Mixed Platforms.Build.0 = Release|Any CPU
		{65C05F9A-EE28-4908-A18D-48A5BF36829D}.MacOSX|x64.ActiveCfg = Release|Any CPU
		{65C05F9A-EE28-4908-A18D-48A5BF36829D}.MacOSX|x86.ActiveCfg = Release|Any CPU
		{65C05F9A-EE28-4908-A18D-48A5BF36829D}.Release|Any CPU.ActiveCfg = Release|Any CPU
		{65C05F9A-EE28-4908-A18D-48A5BF36829D}.Release|Any CPU.Build.0 = Release|Any CPU
		{65C05F9A-EE28-4908-A18D-48A5BF36829D}.Release|Mixed Platforms.ActiveCfg = Release|Any CPU
		{65C05F9A-EE28-4908-A18D-48A5BF36829D}.Release|Mixed Platforms.Build.0 = Release|Any CPU
		{65C05F9A-EE28-4908-A18D-48A5BF36829D}.Release|x64.ActiveCfg = Release|Any CPU
		{65C05F9A-EE28-4908-A18D-48A5BF36829D}.Release|x86.ActiveCfg = Release|Any CPU
		{B5DBD124-8C5A-4B94-97D7-014BD7C97549}.Debug|Any CPU.ActiveCfg = Debug|Any CPU
		{B5DBD124-8C5A-4B94-97D7-014BD7C97549}.Debug|Any CPU.Build.0 = Debug|Any CPU
		{B5DBD124-8C5A-4B94-97D7-014BD7C97549}.Debug|Mixed Platforms.ActiveCfg = Debug|Any CPU
		{B5DBD124-8C5A-4B94-97D7-014BD7C97549}.Debug|Mixed Platforms.Build.0 = Debug|Any CPU
		{B5DBD124-8C5A-4B94-97D7-014BD7C97549}.Debug|x64.ActiveCfg = Debug|Any CPU
		{B5DBD124-8C5A-4B94-97D7-014BD7C97549}.Debug|x86.ActiveCfg = Debug|Any CPU
		{B5DBD124-8C5A-4B94-97D7-014BD7C97549}.MacOSX|Any CPU.ActiveCfg = Release|Any CPU
		{B5DBD124-8C5A-4B94-97D7-014BD7C97549}.MacOSX|Any CPU.Build.0 = Release|Any CPU
		{B5DBD124-8C5A-4B94-97D7-014BD7C97549}.MacOSX|Mixed Platforms.ActiveCfg = Release|Any CPU
		{B5DBD124-8C5A-4B94-97D7-014BD7C97549}.MacOSX|Mixed Platforms.Build.0 = Release|Any CPU
		{B5DBD124-8C5A-4B94-97D7-014BD7C97549}.MacOSX|x64.ActiveCfg = Release|Any CPU
		{B5DBD124-8C5A-4B94-97D7-014BD7C97549}.MacOSX|x86.ActiveCfg = Release|Any CPU
		{B5DBD124-8C5A-4B94-97D7-014BD7C97549}.Release|Any CPU.ActiveCfg = Release|Any CPU
		{B5DBD124-8C5A-4B94-97D7-014BD7C97549}.Release|Any CPU.Build.0 = Release|Any CPU
		{B5DBD124-8C5A-4B94-97D7-014BD7C97549}.Release|Mixed Platforms.ActiveCfg = Release|Any CPU
		{B5DBD124-8C5A-4B94-97D7-014BD7C97549}.Release|Mixed Platforms.Build.0 = Release|Any CPU
		{B5DBD124-8C5A-4B94-97D7-014BD7C97549}.Release|x64.ActiveCfg = Release|Any CPU
		{B5DBD124-8C5A-4B94-97D7-014BD7C97549}.Release|x86.ActiveCfg = Release|Any CPU
		{AAE83324-8419-405A-913F-1C05B633EDDC}.Debug|Any CPU.ActiveCfg = Debug|Any CPU
		{AAE83324-8419-405A-913F-1C05B633EDDC}.Debug|Any CPU.Build.0 = Debug|Any CPU
		{AAE83324-8419-405A-913F-1C05B633EDDC}.Debug|Mixed Platforms.ActiveCfg = Debug|Any CPU
		{AAE83324-8419-405A-913F-1C05B633EDDC}.Debug|Mixed Platforms.Build.0 = Debug|Any CPU
		{AAE83324-8419-405A-913F-1C05B633EDDC}.Debug|x64.ActiveCfg = Debug|Any CPU
		{AAE83324-8419-405A-913F-1C05B633EDDC}.Debug|x86.ActiveCfg = Debug|Any CPU
		{AAE83324-8419-405A-913F-1C05B633EDDC}.MacOSX|Any CPU.ActiveCfg = Release|Any CPU
		{AAE83324-8419-405A-913F-1C05B633EDDC}.MacOSX|Any CPU.Build.0 = Release|Any CPU
		{AAE83324-8419-405A-913F-1C05B633EDDC}.MacOSX|Mixed Platforms.ActiveCfg = Release|Any CPU
		{AAE83324-8419-405A-913F-1C05B633EDDC}.MacOSX|Mixed Platforms.Build.0 = Release|Any CPU
		{AAE83324-8419-405A-913F-1C05B633EDDC}.MacOSX|x64.ActiveCfg = Release|Any CPU
		{AAE83324-8419-405A-913F-1C05B633EDDC}.MacOSX|x86.ActiveCfg = Release|Any CPU
		{AAE83324-8419-405A-913F-1C05B633EDDC}.Release|Any CPU.ActiveCfg = Release|Any CPU
		{AAE83324-8419-405A-913F-1C05B633EDDC}.Release|Any CPU.Build.0 = Release|Any CPU
		{AAE83324-8419-405A-913F-1C05B633EDDC}.Release|Mixed Platforms.ActiveCfg = Release|Any CPU
		{AAE83324-8419-405A-913F-1C05B633EDDC}.Release|Mixed Platforms.Build.0 = Release|Any CPU
		{AAE83324-8419-405A-913F-1C05B633EDDC}.Release|x64.ActiveCfg = Release|Any CPU
		{AAE83324-8419-405A-913F-1C05B633EDDC}.Release|x86.ActiveCfg = Release|Any CPU
		{5BB5F439-00C9-4D8B-84AD-24779F6DF163}.Debug|Any CPU.ActiveCfg = Debug|Any CPU
		{5BB5F439-00C9-4D8B-84AD-24779F6DF163}.Debug|Any CPU.Build.0 = Debug|Any CPU
		{5BB5F439-00C9-4D8B-84AD-24779F6DF163}.Debug|Mixed Platforms.ActiveCfg = Debug|Any CPU
		{5BB5F439-00C9-4D8B-84AD-24779F6DF163}.Debug|Mixed Platforms.Build.0 = Debug|Any CPU
		{5BB5F439-00C9-4D8B-84AD-24779F6DF163}.Debug|x64.ActiveCfg = Debug|Any CPU
		{5BB5F439-00C9-4D8B-84AD-24779F6DF163}.Debug|x86.ActiveCfg = Debug|Any CPU
		{5BB5F439-00C9-4D8B-84AD-24779F6DF163}.MacOSX|Any CPU.ActiveCfg = Release|Any CPU
		{5BB5F439-00C9-4D8B-84AD-24779F6DF163}.MacOSX|Any CPU.Build.0 = Release|Any CPU
		{5BB5F439-00C9-4D8B-84AD-24779F6DF163}.MacOSX|Mixed Platforms.ActiveCfg = Release|Any CPU
		{5BB5F439-00C9-4D8B-84AD-24779F6DF163}.MacOSX|Mixed Platforms.Build.0 = Release|Any CPU
		{5BB5F439-00C9-4D8B-84AD-24779F6DF163}.MacOSX|x64.ActiveCfg = Release|Any CPU
		{5BB5F439-00C9-4D8B-84AD-24779F6DF163}.MacOSX|x86.ActiveCfg = Release|Any CPU
		{5BB5F439-00C9-4D8B-84AD-24779F6DF163}.Release|Any CPU.ActiveCfg = Release|Any CPU
		{5BB5F439-00C9-4D8B-84AD-24779F6DF163}.Release|Any CPU.Build.0 = Release|Any CPU
		{5BB5F439-00C9-4D8B-84AD-24779F6DF163}.Release|Mixed Platforms.ActiveCfg = Release|Any CPU
		{5BB5F439-00C9-4D8B-84AD-24779F6DF163}.Release|Mixed Platforms.Build.0 = Release|Any CPU
		{5BB5F439-00C9-4D8B-84AD-24779F6DF163}.Release|x64.ActiveCfg = Release|Any CPU
		{5BB5F439-00C9-4D8B-84AD-24779F6DF163}.Release|x86.ActiveCfg = Release|Any CPU
	EndGlobalSection
	GlobalSection(SolutionProperties) = preSolution
		HideSolutionNode = FALSE
	EndGlobalSection
	GlobalSection(NestedProjects) = preSolution
		{AAE83324-8419-405A-913F-1C05B633EDDC} = {141E0763-DE33-40C6-A331-A09F50A11C0C}
		{5BB5F439-00C9-4D8B-84AD-24779F6DF163} = {141E0763-DE33-40C6-A331-A09F50A11C0C}
	EndGlobalSection
EndGlobal
